{
  "originHash" : "d99fa53d53064dee7becbd4816fd610fedf7c7371eb17da6bc199a1f2dc6325d",
  "pins" : [
    {
      "identity" : "storageservicepackage",
      "kind" : "remoteSourceControl",
      "location" : "https://github.com/kosyakus/StorageServicePackage.git",
      "state" : {
        "branch" : "main",
        "revision" : "63573617c5b3b10d7b727c9a3b4daeed790fa20a"
      }
    }
  ],
  "version" : 3
}
