// !$*UTF8*$!
{
	archiveVersion = 1;
	classes = {
	};
	objectVersion = 56;
	objects = {

/* Begin PBXBuildFile section */
		E13737182C95EC6F00736F3D /* AnimationScreen.swift in Sources */ = {isa = PBXBuildFile; fileRef = E13737172C95EC6F00736F3D /* AnimationScreen.swift */; };
		E137371A2C95EDDA00736F3D /* CustomModifier.swift in Sources */ = {isa = PBXBuildFile; fileRef = E13737192C95EDDA00736F3D /* CustomModifier.swift */; };
		E137371C2C95F0E100736F3D /* ShapeExample.swift in Sources */ = {isa = PBXBuildFile; fileRef = E137371B2C95F0E100736F3D /* ShapeExample.swift */; };
		E137371E2C95F9AE00736F3D /* AnimationViewContainer.swift in Sources */ = {isa = PBXBuildFile; fileRef = E137371D2C95F9AE00736F3D /* AnimationViewContainer.swift */; };
		E137372D2C9C331A00736F3D /* SkeletonViewModel.swift in Sources */ = {isa = PBXBuildFile; fileRef = E137372C2C9C331A00736F3D /* SkeletonViewModel.swift */; };
		E137372F2C9C333400736F3D /* SkeletonView.swift in Sources */ = {isa = PBXBuildFile; fileRef = E137372E2C9C333400736F3D /* SkeletonView.swift */; };
		E13737312C9C339700736F3D /* SkeletonItem.swift in Sources */ = {isa = PBXBuildFile; fileRef = E13737302C9C339700736F3D /* SkeletonItem.swift */; };
		E13737482C9C49CF00736F3D /* CharactersAPI.swift in Sources */ = {isa = PBXBuildFile; fileRef = E13737322C9C49CE00736F3D /* CharactersAPI.swift */; };
		E13737492C9C49CF00736F3D /* CharactersList.swift in Sources */ = {isa = PBXBuildFile; fileRef = E13737342C9C49CE00736F3D /* CharactersList.swift */; };
		E137374A2C9C49CF00736F3D /* Info.swift in Sources */ = {isa = PBXBuildFile; fileRef = E13737352C9C49CE00736F3D /* Info.swift */; };
		E137374B2C9C49CF00736F3D /* Location.swift in Sources */ = {isa = PBXBuildFile; fileRef = E13737362C9C49CE00736F3D /* Location.swift */; };
		E137374C2C9C49CF00736F3D /* ModelCharacter.swift in Sources */ = {isa = PBXBuildFile; fileRef = E13737372C9C49CE00736F3D /* ModelCharacter.swift */; };
		E137374D2C9C49CF00736F3D /* APIHelper.swift in Sources */ = {isa = PBXBuildFile; fileRef = E13737392C9C49CE00736F3D /* APIHelper.swift */; };
		E137374E2C9C49CF00736F3D /* APIs.swift in Sources */ = {isa = PBXBuildFile; fileRef = E137373A2C9C49CE00736F3D /* APIs.swift */; };
		E137374F2C9C49CF00736F3D /* CodableHelper.swift in Sources */ = {isa = PBXBuildFile; fileRef = E137373B2C9C49CE00736F3D /* CodableHelper.swift */; };
		E13737502C9C49CF00736F3D /* Configuration.swift in Sources */ = {isa = PBXBuildFile; fileRef = E137373C2C9C49CE00736F3D /* Configuration.swift */; };
		E13737512C9C49CF00736F3D /* Extensions.swift in Sources */ = {isa = PBXBuildFile; fileRef = E137373D2C9C49CE00736F3D /* Extensions.swift */; };
		E13737522C9C49CF00736F3D /* JSONDataEncoding.swift in Sources */ = {isa = PBXBuildFile; fileRef = E137373E2C9C49CE00736F3D /* JSONDataEncoding.swift */; };
		E13737532C9C49CF00736F3D /* JSONEncodingHelper.swift in Sources */ = {isa = PBXBuildFile; fileRef = E137373F2C9C49CE00736F3D /* JSONEncodingHelper.swift */; };
		E13737542C9C49CF00736F3D /* Models.swift in Sources */ = {isa = PBXBuildFile; fileRef = E13737402C9C49CE00736F3D /* Models.swift */; };
		E13737552C9C49CF00736F3D /* OpenISO8601DateFormatter.swift in Sources */ = {isa = PBXBuildFile; fileRef = E13737412C9C49CE00736F3D /* OpenISO8601DateFormatter.swift */; };
		E13737562C9C49CF00736F3D /* SynchronizedDictionary.swift in Sources */ = {isa = PBXBuildFile; fileRef = E13737422C9C49CE00736F3D /* SynchronizedDictionary.swift */; };
		E13737572C9C49CF00736F3D /* URLSessionImplementations.swift in Sources */ = {isa = PBXBuildFile; fileRef = E13737432C9C49CE00736F3D /* URLSessionImplementations.swift */; };
		E13737582C9C49CF00736F3D /* Validation.swift in Sources */ = {isa = PBXBuildFile; fileRef = E13737442C9C49CE00736F3D /* Validation.swift */; };
		E137375A2C9C593100736F3D /* CharacterItem.swift in Sources */ = {isa = PBXBuildFile; fileRef = E13737592C9C593100736F3D /* CharacterItem.swift */; };
		E137375C2C9C59DA00736F3D /* SkeletonLoadingView.swift in Sources */ = {isa = PBXBuildFile; fileRef = E137375B2C9C59DA00736F3D /* SkeletonLoadingView.swift */; };
		E137375E2C9C983100736F3D /* PagingViewModel.swift in Sources */ = {isa = PBXBuildFile; fileRef = E137375D2C9C983100736F3D /* PagingViewModel.swift */; };
		E13737602C9C9A1A00736F3D /* PagingView.swift in Sources */ = {isa = PBXBuildFile; fileRef = E137375F2C9C9A1A00736F3D /* PagingView.swift */; };
		E13737622C9C9A9E00736F3D /* PagingItem.swift in Sources */ = {isa = PBXBuildFile; fileRef = E13737612C9C9A9E00736F3D /* PagingItem.swift */; };
		E13737652C9C9B7100736F3D /* Collections+Check.swift in Sources */ = {isa = PBXBuildFile; fileRef = E13737642C9C9B7100736F3D /* Collections+Check.swift */; };
		E13737672C9C9D6900736F3D /* ModelCharacter+Identifable.swift in Sources */ = {isa = PBXBuildFile; fileRef = E13737662C9C9D6900736F3D /* ModelCharacter+Identifable.swift */; };
		E13737692C9CA06300736F3D /* LoadingModifier.swift in Sources */ = {isa = PBXBuildFile; fileRef = E13737682C9CA06300736F3D /* LoadingModifier.swift */; };
		E15AAE432C8A1CDD00345219 /* NataAppSUI2024App.swift in Sources */ = {isa = PBXBuildFile; fileRef = E15AAE422C8A1CDD00345219 /* NataAppSUI2024App.swift */; };
		E15AAE452C8A1CDD00345219 /* ContentView.swift in Sources */ = {isa = PBXBuildFile; fileRef = E15AAE442C8A1CDD00345219 /* ContentView.swift */; };
		E15AAE472C8A1CDF00345219 /* Assets.xcassets in Resources */ = {isa = PBXBuildFile; fileRef = E15AAE462C8A1CDF00345219 /* Assets.xcassets */; };
		E15AAE4A2C8A1CDF00345219 /* Preview Assets.xcassets in Resources */ = {isa = PBXBuildFile; fileRef = E15AAE492C8A1CDF00345219 /* Preview Assets.xcassets */; };
		E15AAE512C8A3C8E00345219 /* DashboardScreen.swift in Sources */ = {isa = PBXBuildFile; fileRef = E15AAE502C8A3C8E00345219 /* DashboardScreen.swift */; };
		E15AAE532C8A3E0F00345219 /* ProfileScreen.swift in Sources */ = {isa = PBXBuildFile; fileRef = E15AAE522C8A3E0F00345219 /* ProfileScreen.swift */; };
		E15AAE552C8C745B00345219 /* ModalScreen.swift in Sources */ = {isa = PBXBuildFile; fileRef = E15AAE542C8C745B00345219 /* ModalScreen.swift */; };
		E15AAE592C8C8BBB00345219 /* SliderScreen.swift in Sources */ = {isa = PBXBuildFile; fileRef = E15AAE582C8C8BBB00345219 /* SliderScreen.swift */; };
		E15AAE5D2C8EED1F00345219 /* NewsAPI in Frameworks */ = {isa = PBXBuildFile; productRef = E15AAE5C2C8EED1F00345219 /* NewsAPI */; };
		E15AAE5F2C8EEE0800345219 /* NewsScreen.swift in Sources */ = {isa = PBXBuildFile; fileRef = E15AAE5E2C8EEE0800345219 /* NewsScreen.swift */; };
		E15AAE632C8F14B800345219 /* NewsVM.swift in Sources */ = {isa = PBXBuildFile; fileRef = E15AAE622C8F14B800345219 /* NewsVM.swift */; };
		E18AD2FF2C9364FC006A09A3 /* NavigationStackScreen.swift in Sources */ = {isa = PBXBuildFile; fileRef = E18AD2FE2C9364FC006A09A3 /* NavigationStackScreen.swift */; };
		E18AD3022C936A48006A09A3 /* SecondChildView.swift in Sources */ = {isa = PBXBuildFile; fileRef = E18AD3012C936A48006A09A3 /* SecondChildView.swift */; };
		E18AD3042C936A71006A09A3 /* FirstChildView.swift in Sources */ = {isa = PBXBuildFile; fileRef = E18AD3032C936A71006A09A3 /* FirstChildView.swift */; };
		E18AD3062C936BE7006A09A3 /* ThirdChildView.swift in Sources */ = {isa = PBXBuildFile; fileRef = E18AD3052C936BE7006A09A3 /* ThirdChildView.swift */; };
		E18AD3082C936F11006A09A3 /* FullScreenCoverScreen.swift in Sources */ = {isa = PBXBuildFile; fileRef = E18AD3072C936F11006A09A3 /* FullScreenCoverScreen.swift */; };
		E18AD30A2C936F96006A09A3 /* FullScreenChildView.swift in Sources */ = {isa = PBXBuildFile; fileRef = E18AD3092C936F96006A09A3 /* FullScreenChildView.swift */; };
		E18AD30E2C937273006A09A3 /* MyDeepLink.swift in Sources */ = {isa = PBXBuildFile; fileRef = E18AD30D2C937273006A09A3 /* MyDeepLink.swift */; };
		E18AD3102C9372B4006A09A3 /* DataSource.swift in Sources */ = {isa = PBXBuildFile; fileRef = E18AD30F2C9372B4006A09A3 /* DataSource.swift */; };
		E18AD3122C93736D006A09A3 /* DeepLinkAppViewModel.swift in Sources */ = {isa = PBXBuildFile; fileRef = E18AD3112C93736D006A09A3 /* DeepLinkAppViewModel.swift */; };
		E1B30D8E2C9D9F4A003A118A /* NewsPickerScreen.swift in Sources */ = {isa = PBXBuildFile; fileRef = E1B30D8D2C9D9F4A003A118A /* NewsPickerScreen.swift */; };
		E1B30D902C9F55B8003A118A /* NewsPagingViewModel.swift in Sources */ = {isa = PBXBuildFile; fileRef = E1B30D8F2C9F55B8003A118A /* NewsPagingViewModel.swift */; };
		E1B30D932CA01582003A118A /* NewsDetailView.swift in Sources */ = {isa = PBXBuildFile; fileRef = E1B30D922CA01582003A118A /* NewsDetailView.swift */; };
		E1B30D952CA015B8003A118A /* ExtraInfoView.swift in Sources */ = {isa = PBXBuildFile; fileRef = E1B30D942CA015B8003A118A /* ExtraInfoView.swift */; };
		E1B30D972CA0161E003A118A /* ArticleCell.swift in Sources */ = {isa = PBXBuildFile; fileRef = E1B30D962CA0161E003A118A /* ArticleCell.swift */; };
		E1B30D992CA05629003A118A /* UIView+UIImage.swift in Sources */ = {isa = PBXBuildFile; fileRef = E1B30D982CA05629003A118A /* UIView+UIImage.swift */; };
		E1B937F62CA3DA3000002BB1 /* ServiceLocator.swift in Sources */ = {isa = PBXBuildFile; fileRef = E1B937F52CA3DA2C00002BB1 /* ServiceLocator.swift */; };
		E1B937F82CA427C700002BB1 /* CharactersAPIService.swift in Sources */ = {isa = PBXBuildFile; fileRef = E1B937F72CA427C700002BB1 /* CharactersAPIService.swift */; };
		E1B937FA2CA4287700002BB1 /* CharactersViewModel.swift in Sources */ = {isa = PBXBuildFile; fileRef = E1B937F92CA4287700002BB1 /* CharactersViewModel.swift */; };
		E1B937FC2CA42C6C00002BB1 /* CharactersView.swift in Sources */ = {isa = PBXBuildFile; fileRef = E1B937FB2CA42C6C00002BB1 /* CharactersView.swift */; };
/* End PBXBuildFile section */

/* Begin PBXFileReference section */
		E13737172C95EC6F00736F3D /* AnimationScreen.swift */ = {isa = PBXFileReference; lastKnownFileType = sourcecode.swift; path = AnimationScreen.swift; sourceTree = "<group>"; };
		E13737192C95EDDA00736F3D /* CustomModifier.swift */ = {isa = PBXFileReference; lastKnownFileType = sourcecode.swift; path = CustomModifier.swift; sourceTree = "<group>"; };
		E137371B2C95F0E100736F3D /* ShapeExample.swift */ = {isa = PBXFileReference; lastKnownFileType = sourcecode.swift; path = ShapeExample.swift; sourceTree = "<group>"; };
		E137371D2C95F9AE00736F3D /* AnimationViewContainer.swift */ = {isa = PBXFileReference; lastKnownFileType = sourcecode.swift; path = AnimationViewContainer.swift; sourceTree = "<group>"; };
		E137372C2C9C331A00736F3D /* SkeletonViewModel.swift */ = {isa = PBXFileReference; lastKnownFileType = sourcecode.swift; path = SkeletonViewModel.swift; sourceTree = "<group>"; };
		E137372E2C9C333400736F3D /* SkeletonView.swift */ = {isa = PBXFileReference; lastKnownFileType = sourcecode.swift; path = SkeletonView.swift; sourceTree = "<group>"; };
		E13737302C9C339700736F3D /* SkeletonItem.swift */ = {isa = PBXFileReference; lastKnownFileType = sourcecode.swift; path = SkeletonItem.swift; sourceTree = "<group>"; };
		E13737322C9C49CE00736F3D /* CharactersAPI.swift */ = {isa = PBXFileReference; fileEncoding = 4; lastKnownFileType = sourcecode.swift; path = CharactersAPI.swift; sourceTree = "<group>"; };
		E13737342C9C49CE00736F3D /* CharactersList.swift */ = {isa = PBXFileReference; fileEncoding = 4; lastKnownFileType = sourcecode.swift; path = CharactersList.swift; sourceTree = "<group>"; };
		E13737352C9C49CE00736F3D /* Info.swift */ = {isa = PBXFileReference; fileEncoding = 4; lastKnownFileType = sourcecode.swift; path = Info.swift; sourceTree = "<group>"; };
		E13737362C9C49CE00736F3D /* Location.swift */ = {isa = PBXFileReference; fileEncoding = 4; lastKnownFileType = sourcecode.swift; path = Location.swift; sourceTree = "<group>"; };
		E13737372C9C49CE00736F3D /* ModelCharacter.swift */ = {isa = PBXFileReference; fileEncoding = 4; lastKnownFileType = sourcecode.swift; path = ModelCharacter.swift; sourceTree = "<group>"; };
		E13737392C9C49CE00736F3D /* APIHelper.swift */ = {isa = PBXFileReference; fileEncoding = 4; lastKnownFileType = sourcecode.swift; path = APIHelper.swift; sourceTree = "<group>"; };
		E137373A2C9C49CE00736F3D /* APIs.swift */ = {isa = PBXFileReference; fileEncoding = 4; lastKnownFileType = sourcecode.swift; path = APIs.swift; sourceTree = "<group>"; };
		E137373B2C9C49CE00736F3D /* CodableHelper.swift */ = {isa = PBXFileReference; fileEncoding = 4; lastKnownFileType = sourcecode.swift; path = CodableHelper.swift; sourceTree = "<group>"; };
		E137373C2C9C49CE00736F3D /* Configuration.swift */ = {isa = PBXFileReference; fileEncoding = 4; lastKnownFileType = sourcecode.swift; path = Configuration.swift; sourceTree = "<group>"; };
		E137373D2C9C49CE00736F3D /* Extensions.swift */ = {isa = PBXFileReference; fileEncoding = 4; lastKnownFileType = sourcecode.swift; path = Extensions.swift; sourceTree = "<group>"; };
		E137373E2C9C49CE00736F3D /* JSONDataEncoding.swift */ = {isa = PBXFileReference; fileEncoding = 4; lastKnownFileType = sourcecode.swift; path = JSONDataEncoding.swift; sourceTree = "<group>"; };
		E137373F2C9C49CE00736F3D /* JSONEncodingHelper.swift */ = {isa = PBXFileReference; fileEncoding = 4; lastKnownFileType = sourcecode.swift; path = JSONEncodingHelper.swift; sourceTree = "<group>"; };
		E13737402C9C49CE00736F3D /* Models.swift */ = {isa = PBXFileReference; fileEncoding = 4; lastKnownFileType = sourcecode.swift; path = Models.swift; sourceTree = "<group>"; };
		E13737412C9C49CE00736F3D /* OpenISO8601DateFormatter.swift */ = {isa = PBXFileReference; fileEncoding = 4; lastKnownFileType = sourcecode.swift; path = OpenISO8601DateFormatter.swift; sourceTree = "<group>"; };
		E13737422C9C49CE00736F3D /* SynchronizedDictionary.swift */ = {isa = PBXFileReference; fileEncoding = 4; lastKnownFileType = sourcecode.swift; path = SynchronizedDictionary.swift; sourceTree = "<group>"; };
		E13737432C9C49CE00736F3D /* URLSessionImplementations.swift */ = {isa = PBXFileReference; fileEncoding = 4; lastKnownFileType = sourcecode.swift; path = URLSessionImplementations.swift; sourceTree = "<group>"; };
		E13737442C9C49CE00736F3D /* Validation.swift */ = {isa = PBXFileReference; fileEncoding = 4; lastKnownFileType = sourcecode.swift; path = Validation.swift; sourceTree = "<group>"; };
		E13737592C9C593100736F3D /* CharacterItem.swift */ = {isa = PBXFileReference; lastKnownFileType = sourcecode.swift; path = CharacterItem.swift; sourceTree = "<group>"; };
		E137375B2C9C59DA00736F3D /* SkeletonLoadingView.swift */ = {isa = PBXFileReference; lastKnownFileType = sourcecode.swift; path = SkeletonLoadingView.swift; sourceTree = "<group>"; };
		E137375D2C9C983100736F3D /* PagingViewModel.swift */ = {isa = PBXFileReference; lastKnownFileType = sourcecode.swift; path = PagingViewModel.swift; sourceTree = "<group>"; };
		E137375F2C9C9A1A00736F3D /* PagingView.swift */ = {isa = PBXFileReference; lastKnownFileType = sourcecode.swift; path = PagingView.swift; sourceTree = "<group>"; };
		E13737612C9C9A9E00736F3D /* PagingItem.swift */ = {isa = PBXFileReference; lastKnownFileType = sourcecode.swift; path = PagingItem.swift; sourceTree = "<group>"; };
		E13737642C9C9B7100736F3D /* Collections+Check.swift */ = {isa = PBXFileReference; lastKnownFileType = sourcecode.swift; path = "Collections+Check.swift"; sourceTree = "<group>"; };
		E13737662C9C9D6900736F3D /* ModelCharacter+Identifable.swift */ = {isa = PBXFileReference; lastKnownFileType = sourcecode.swift; path = "ModelCharacter+Identifable.swift"; sourceTree = "<group>"; };
		E13737682C9CA06300736F3D /* LoadingModifier.swift */ = {isa = PBXFileReference; lastKnownFileType = sourcecode.swift; name = LoadingModifier.swift; path = NataAppSUI2024/PagingAndSkeletonTutorial/LoadingModifier.swift; sourceTree = SOURCE_ROOT; };
		E15AAE3F2C8A1CDD00345219 /* NataAppSUI2024.app */ = {isa = PBXFileReference; explicitFileType = wrapper.application; includeInIndex = 0; path = NataAppSUI2024.app; sourceTree = BUILT_PRODUCTS_DIR; };
		E15AAE422C8A1CDD00345219 /* NataAppSUI2024App.swift */ = {isa = PBXFileReference; lastKnownFileType = sourcecode.swift; path = NataAppSUI2024App.swift; sourceTree = "<group>"; };
		E15AAE442C8A1CDD00345219 /* ContentView.swift */ = {isa = PBXFileReference; lastKnownFileType = sourcecode.swift; path = ContentView.swift; sourceTree = "<group>"; };
		E15AAE462C8A1CDF00345219 /* Assets.xcassets */ = {isa = PBXFileReference; lastKnownFileType = folder.assetcatalog; path = Assets.xcassets; sourceTree = "<group>"; };
		E15AAE492C8A1CDF00345219 /* Preview Assets.xcassets */ = {isa = PBXFileReference; lastKnownFileType = folder.assetcatalog; path = "Preview Assets.xcassets"; sourceTree = "<group>"; };
		E15AAE502C8A3C8E00345219 /* DashboardScreen.swift */ = {isa = PBXFileReference; lastKnownFileType = sourcecode.swift; path = DashboardScreen.swift; sourceTree = "<group>"; };
		E15AAE522C8A3E0F00345219 /* ProfileScreen.swift */ = {isa = PBXFileReference; lastKnownFileType = sourcecode.swift; path = ProfileScreen.swift; sourceTree = "<group>"; };
		E15AAE542C8C745B00345219 /* ModalScreen.swift */ = {isa = PBXFileReference; lastKnownFileType = sourcecode.swift; path = ModalScreen.swift; sourceTree = "<group>"; };
		E15AAE582C8C8BBB00345219 /* SliderScreen.swift */ = {isa = PBXFileReference; lastKnownFileType = sourcecode.swift; path = SliderScreen.swift; sourceTree = "<group>"; };
		E15AAE5A2C8EECD400345219 /* NewsAPI */ = {isa = PBXFileReference; lastKnownFileType = wrapper; name = NewsAPI; path = Modules/NewsAPI; sourceTree = SOURCE_ROOT; };
		E15AAE5E2C8EEE0800345219 /* NewsScreen.swift */ = {isa = PBXFileReference; lastKnownFileType = sourcecode.swift; path = NewsScreen.swift; sourceTree = "<group>"; };
		E15AAE602C8EF4C200345219 /* newsapi.sh */ = {isa = PBXFileReference; lastKnownFileType = text.script.sh; path = newsapi.sh; sourceTree = SOURCE_ROOT; };
		E15AAE622C8F14B800345219 /* NewsVM.swift */ = {isa = PBXFileReference; lastKnownFileType = sourcecode.swift; path = NewsVM.swift; sourceTree = "<group>"; };
		E18AD2FE2C9364FC006A09A3 /* NavigationStackScreen.swift */ = {isa = PBXFileReference; lastKnownFileType = sourcecode.swift; path = NavigationStackScreen.swift; sourceTree = "<group>"; };
		E18AD3012C936A48006A09A3 /* SecondChildView.swift */ = {isa = PBXFileReference; lastKnownFileType = sourcecode.swift; path = SecondChildView.swift; sourceTree = "<group>"; };
		E18AD3032C936A71006A09A3 /* FirstChildView.swift */ = {isa = PBXFileReference; lastKnownFileType = sourcecode.swift; path = FirstChildView.swift; sourceTree = "<group>"; };
		E18AD3052C936BE7006A09A3 /* ThirdChildView.swift */ = {isa = PBXFileReference; lastKnownFileType = sourcecode.swift; path = ThirdChildView.swift; sourceTree = "<group>"; };
		E18AD3072C936F11006A09A3 /* FullScreenCoverScreen.swift */ = {isa = PBXFileReference; lastKnownFileType = sourcecode.swift; path = FullScreenCoverScreen.swift; sourceTree = "<group>"; };
		E18AD3092C936F96006A09A3 /* FullScreenChildView.swift */ = {isa = PBXFileReference; lastKnownFileType = sourcecode.swift; path = FullScreenChildView.swift; sourceTree = "<group>"; };
		E18AD30B2C9371ED006A09A3 /* Info.plist */ = {isa = PBXFileReference; lastKnownFileType = text.plist; path = Info.plist; sourceTree = "<group>"; };
		E18AD30D2C937273006A09A3 /* MyDeepLink.swift */ = {isa = PBXFileReference; lastKnownFileType = sourcecode.swift; path = MyDeepLink.swift; sourceTree = "<group>"; };
		E18AD30F2C9372B4006A09A3 /* DataSource.swift */ = {isa = PBXFileReference; lastKnownFileType = sourcecode.swift; path = DataSource.swift; sourceTree = "<group>"; };
		E18AD3112C93736D006A09A3 /* DeepLinkAppViewModel.swift */ = {isa = PBXFileReference; lastKnownFileType = sourcecode.swift; path = DeepLinkAppViewModel.swift; sourceTree = "<group>"; };
		E1B30D8D2C9D9F4A003A118A /* NewsPickerScreen.swift */ = {isa = PBXFileReference; lastKnownFileType = sourcecode.swift; path = NewsPickerScreen.swift; sourceTree = "<group>"; };
		E1B30D8F2C9F55B8003A118A /* NewsPagingViewModel.swift */ = {isa = PBXFileReference; lastKnownFileType = sourcecode.swift; path = NewsPagingViewModel.swift; sourceTree = "<group>"; };
		E1B30D922CA01582003A118A /* NewsDetailView.swift */ = {isa = PBXFileReference; lastKnownFileType = sourcecode.swift; path = NewsDetailView.swift; sourceTree = "<group>"; };
		E1B30D942CA015B8003A118A /* ExtraInfoView.swift */ = {isa = PBXFileReference; lastKnownFileType = sourcecode.swift; path = ExtraInfoView.swift; sourceTree = "<group>"; };
		E1B30D962CA0161E003A118A /* ArticleCell.swift */ = {isa = PBXFileReference; lastKnownFileType = sourcecode.swift; path = ArticleCell.swift; sourceTree = "<group>"; };
		E1B30D982CA05629003A118A /* UIView+UIImage.swift */ = {isa = PBXFileReference; lastKnownFileType = sourcecode.swift; path = "UIView+UIImage.swift"; sourceTree = "<group>"; };
		E1B937F52CA3DA2C00002BB1 /* ServiceLocator.swift */ = {isa = PBXFileReference; lastKnownFileType = sourcecode.swift; path = ServiceLocator.swift; sourceTree = "<group>"; };
		E1B937F72CA427C700002BB1 /* CharactersAPIService.swift */ = {isa = PBXFileReference; lastKnownFileType = sourcecode.swift; path = CharactersAPIService.swift; sourceTree = "<group>"; };
		E1B937F92CA4287700002BB1 /* CharactersViewModel.swift */ = {isa = PBXFileReference; lastKnownFileType = sourcecode.swift; path = CharactersViewModel.swift; sourceTree = "<group>"; };
		E1B937FB2CA42C6C00002BB1 /* CharactersView.swift */ = {isa = PBXFileReference; lastKnownFileType = sourcecode.swift; path = CharactersView.swift; sourceTree = "<group>"; };
/* End PBXFileReference section */

/* Begin PBXFrameworksBuildPhase section */
		E15AAE3C2C8A1CDD00345219 /* Frameworks */ = {
			isa = PBXFrameworksBuildPhase;
			buildActionMask = 2147483647;
			files = (
				E15AAE5D2C8EED1F00345219 /* NewsAPI in Frameworks */,
			);
			runOnlyForDeploymentPostprocessing = 0;
		};
/* End PBXFrameworksBuildPhase section */

/* Begin PBXGroup section */
		E13737162C95E87C00736F3D /* AnimationTutorial */ = {
			isa = PBXGroup;
			children = (
				E137371D2C95F9AE00736F3D /* AnimationViewContainer.swift */,
				E13737172C95EC6F00736F3D /* AnimationScreen.swift */,
				E13737192C95EDDA00736F3D /* CustomModifier.swift */,
				E137371B2C95F0E100736F3D /* ShapeExample.swift */,
			);
			path = AnimationTutorial;
			sourceTree = "<group>";
		};
		E137372B2C9C329E00736F3D /* PagingAndSkeletonTutorial */ = {
			isa = PBXGroup;
			children = (
				E13737632C9C9B5900736F3D /* Extensions */,
				E137372C2C9C331A00736F3D /* SkeletonViewModel.swift */,
				E137372E2C9C333400736F3D /* SkeletonView.swift */,
				E13737302C9C339700736F3D /* SkeletonItem.swift */,
				E13737592C9C593100736F3D /* CharacterItem.swift */,
				E137375B2C9C59DA00736F3D /* SkeletonLoadingView.swift */,
				E137375D2C9C983100736F3D /* PagingViewModel.swift */,
				E137375F2C9C9A1A00736F3D /* PagingView.swift */,
				E13737612C9C9A9E00736F3D /* PagingItem.swift */,
				E13737682C9CA06300736F3D /* LoadingModifier.swift */,
			);
			path = PagingAndSkeletonTutorial;
			sourceTree = "<group>";
		};
		E13737332C9C49CE00736F3D /* APIs */ = {
			isa = PBXGroup;
			children = (
				E13737322C9C49CE00736F3D /* CharactersAPI.swift */,
			);
			path = APIs;
			sourceTree = "<group>";
		};
		E13737382C9C49CE00736F3D /* Models */ = {
			isa = PBXGroup;
			children = (
				E13737342C9C49CE00736F3D /* CharactersList.swift */,
				E13737352C9C49CE00736F3D /* Info.swift */,
				E13737362C9C49CE00736F3D /* Location.swift */,
				E13737372C9C49CE00736F3D /* ModelCharacter.swift */,
			);
			path = Models;
			sourceTree = "<group>";
		};
		E13737452C9C49CE00736F3D /* OpenAPIs */ = {
			isa = PBXGroup;
			children = (
				E13737332C9C49CE00736F3D /* APIs */,
				E13737382C9C49CE00736F3D /* Models */,
				E13737392C9C49CE00736F3D /* APIHelper.swift */,
				E137373A2C9C49CE00736F3D /* APIs.swift */,
				E137373B2C9C49CE00736F3D /* CodableHelper.swift */,
				E137373C2C9C49CE00736F3D /* Configuration.swift */,
				E137373D2C9C49CE00736F3D /* Extensions.swift */,
				E137373E2C9C49CE00736F3D /* JSONDataEncoding.swift */,
				E137373F2C9C49CE00736F3D /* JSONEncodingHelper.swift */,
				E13737402C9C49CE00736F3D /* Models.swift */,
				E13737412C9C49CE00736F3D /* OpenISO8601DateFormatter.swift */,
				E13737422C9C49CE00736F3D /* SynchronizedDictionary.swift */,
				E13737432C9C49CE00736F3D /* URLSessionImplementations.swift */,
				E13737442C9C49CE00736F3D /* Validation.swift */,
			);
			path = OpenAPIs;
			sourceTree = "<group>";
		};
		E13737462C9C49CE00736F3D /* Classes */ = {
			isa = PBXGroup;
			children = (
				E13737452C9C49CE00736F3D /* OpenAPIs */,
			);
			path = Classes;
			sourceTree = "<group>";
		};
		E13737472C9C49CE00736F3D /* OpenAPIClient */ = {
			isa = PBXGroup;
			children = (
				E13737462C9C49CE00736F3D /* Classes */,
			);
			path = OpenAPIClient;
			sourceTree = "<group>";
		};
		E13737632C9C9B5900736F3D /* Extensions */ = {
			isa = PBXGroup;
			children = (
				E13737642C9C9B7100736F3D /* Collections+Check.swift */,
				E13737662C9C9D6900736F3D /* ModelCharacter+Identifable.swift */,
				E1B30D982CA05629003A118A /* UIView+UIImage.swift */,
			);
			path = Extensions;
			sourceTree = "<group>";
		};
		E15AAE362C8A1CDC00345219 = {
			isa = PBXGroup;
			children = (
				E15AAE412C8A1CDD00345219 /* NataAppSUI2024 */,
				E15AAE402C8A1CDD00345219 /* Products */,
				E15AAE5B2C8EED1F00345219 /* Frameworks */,
			);
			sourceTree = "<group>";
		};
		E15AAE402C8A1CDD00345219 /* Products */ = {
			isa = PBXGroup;
			children = (
				E15AAE3F2C8A1CDD00345219 /* NataAppSUI2024.app */,
			);
			name = Products;
			sourceTree = "<group>";
		};
		E15AAE412C8A1CDD00345219 /* NataAppSUI2024 */ = {
			isa = PBXGroup;
			children = (
				E13737472C9C49CE00736F3D /* OpenAPIClient */,
				E18AD30B2C9371ED006A09A3 /* Info.plist */,
				E15AAE5A2C8EECD400345219 /* NewsAPI */,
				E15AAE612C8F148900345219 /* News */,
				E15AAE422C8A1CDD00345219 /* NataAppSUI2024App.swift */,
				E15AAE602C8EF4C200345219 /* newsapi.sh */,
				E15AAE442C8A1CDD00345219 /* ContentView.swift */,
				E15AAE462C8A1CDF00345219 /* Assets.xcassets */,
				E15AAE482C8A1CDF00345219 /* Preview Content */,
				E15AAE502C8A3C8E00345219 /* DashboardScreen.swift */,
				E15AAE522C8A3E0F00345219 /* ProfileScreen.swift */,
				E15AAE542C8C745B00345219 /* ModalScreen.swift */,
				E15AAE582C8C8BBB00345219 /* SliderScreen.swift */,
				E1B937F42CA3D9E000002BB1 /* ServiceLocator */,
				E1B30D912CA0155D003A118A /* NewsPicker */,
				E137372B2C9C329E00736F3D /* PagingAndSkeletonTutorial */,
				E13737162C95E87C00736F3D /* AnimationTutorial */,
				E18AD30C2C937257006A09A3 /* DeeplinkTutorial */,
				E18AD3002C936A20006A09A3 /* NavigationTutorial */,
			);
			path = NataAppSUI2024;
			sourceTree = "<group>";
		};
		E15AAE482C8A1CDF00345219 /* Preview Content */ = {
			isa = PBXGroup;
			children = (
				E15AAE492C8A1CDF00345219 /* Preview Assets.xcassets */,
			);
			path = "Preview Content";
			sourceTree = "<group>";
		};
		E15AAE5B2C8EED1F00345219 /* Frameworks */ = {
			isa = PBXGroup;
			children = (
			);
			name = Frameworks;
			sourceTree = "<group>";
		};
		E15AAE612C8F148900345219 /* News */ = {
			isa = PBXGroup;
			children = (
				E15AAE5E2C8EEE0800345219 /* NewsScreen.swift */,
				E15AAE622C8F14B800345219 /* NewsVM.swift */,
			);
			path = News;
			sourceTree = "<group>";
		};
		E18AD3002C936A20006A09A3 /* NavigationTutorial */ = {
			isa = PBXGroup;
			children = (
				E18AD2FE2C9364FC006A09A3 /* NavigationStackScreen.swift */,
				E18AD3032C936A71006A09A3 /* FirstChildView.swift */,
				E18AD3012C936A48006A09A3 /* SecondChildView.swift */,
				E18AD3052C936BE7006A09A3 /* ThirdChildView.swift */,
				E18AD3072C936F11006A09A3 /* FullScreenCoverScreen.swift */,
				E18AD3092C936F96006A09A3 /* FullScreenChildView.swift */,
			);
			path = NavigationTutorial;
			sourceTree = "<group>";
		};
		E18AD30C2C937257006A09A3 /* DeeplinkTutorial */ = {
			isa = PBXGroup;
			children = (
				E18AD30D2C937273006A09A3 /* MyDeepLink.swift */,
				E18AD30F2C9372B4006A09A3 /* DataSource.swift */,
				E18AD3112C93736D006A09A3 /* DeepLinkAppViewModel.swift */,
			);
			path = DeeplinkTutorial;
			sourceTree = "<group>";
		};
		E1B30D912CA0155D003A118A /* NewsPicker */ = {
			isa = PBXGroup;
			children = (
				E1B30D8D2C9D9F4A003A118A /* NewsPickerScreen.swift */,
				E1B30D8F2C9F55B8003A118A /* NewsPagingViewModel.swift */,
				E1B30D922CA01582003A118A /* NewsDetailView.swift */,
				E1B30D942CA015B8003A118A /* ExtraInfoView.swift */,
				E1B30D962CA0161E003A118A /* ArticleCell.swift */,
			);
			path = NewsPicker;
			sourceTree = "<group>";
		};
		E1B937F42CA3D9E000002BB1 /* ServiceLocator */ = {
			isa = PBXGroup;
			children = (
				E1B937F52CA3DA2C00002BB1 /* ServiceLocator.swift */,
				E1B937F72CA427C700002BB1 /* CharactersAPIService.swift */,
				E1B937F92CA4287700002BB1 /* CharactersViewModel.swift */,
				E1B937FB2CA42C6C00002BB1 /* CharactersView.swift */,
			);
			path = ServiceLocator;
			sourceTree = "<group>";
		};
/* End PBXGroup section */

/* Begin PBXNativeTarget section */
		E15AAE3E2C8A1CDD00345219 /* NataAppSUI2024 */ = {
			isa = PBXNativeTarget;
			buildConfigurationList = E15AAE4D2C8A1CDF00345219 /* Build configuration list for PBXNativeTarget "NataAppSUI2024" */;
			buildPhases = (
				E15AAE3B2C8A1CDD00345219 /* Sources */,
				E15AAE3C2C8A1CDD00345219 /* Frameworks */,
				E15AAE3D2C8A1CDD00345219 /* Resources */,
			);
			buildRules = (
			);
			dependencies = (
			);
			name = NataAppSUI2024;
			packageProductDependencies = (
				E15AAE5C2C8EED1F00345219 /* NewsAPI */,
			);
			productName = NataAppSUI2024;
			productReference = E15AAE3F2C8A1CDD00345219 /* NataAppSUI2024.app */;
			productType = "com.apple.product-type.application";
		};
/* End PBXNativeTarget section */

/* Begin PBXProject section */
		E15AAE372C8A1CDC00345219 /* Project object */ = {
			isa = PBXProject;
			attributes = {
				BuildIndependentTargetsInParallel = 1;
				LastSwiftUpdateCheck = 1540;
				LastUpgradeCheck = 1540;
				TargetAttributes = {
					E15AAE3E2C8A1CDD00345219 = {
						CreatedOnToolsVersion = 15.4;
					};
				};
			};
			buildConfigurationList = E15AAE3A2C8A1CDC00345219 /* Build configuration list for PBXProject "NataAppSUI2024" */;
			compatibilityVersion = "Xcode 14.0";
			developmentRegion = en;
			hasScannedForEncodings = 0;
			knownRegions = (
				en,
				Base,
			);
			mainGroup = E15AAE362C8A1CDC00345219;
			productRefGroup = E15AAE402C8A1CDD00345219 /* Products */;
			projectDirPath = "";
			projectRoot = "";
			targets = (
				E15AAE3E2C8A1CDD00345219 /* NataAppSUI2024 */,
			);
		};
/* End PBXProject section */

/* Begin PBXResourcesBuildPhase section */
		E15AAE3D2C8A1CDD00345219 /* Resources */ = {
			isa = PBXResourcesBuildPhase;
			buildActionMask = 2147483647;
			files = (
				E15AAE4A2C8A1CDF00345219 /* Preview Assets.xcassets in Resources */,
				E15AAE472C8A1CDF00345219 /* Assets.xcassets in Resources */,
			);
			runOnlyForDeploymentPostprocessing = 0;
		};
/* End PBXResourcesBuildPhase section */

/* Begin PBXSourcesBuildPhase section */
		E15AAE3B2C8A1CDD00345219 /* Sources */ = {
			isa = PBXSourcesBuildPhase;
			buildActionMask = 2147483647;
			files = (
				E137375A2C9C593100736F3D /* CharacterItem.swift in Sources */,
				E18AD3082C936F11006A09A3 /* FullScreenCoverScreen.swift in Sources */,
				E1B937F62CA3DA3000002BB1 /* ServiceLocator.swift in Sources */,
				E15AAE5F2C8EEE0800345219 /* NewsScreen.swift in Sources */,
				E137371E2C95F9AE00736F3D /* AnimationViewContainer.swift in Sources */,
				E137374A2C9C49CF00736F3D /* Info.swift in Sources */,
				E137372F2C9C333400736F3D /* SkeletonView.swift in Sources */,
				E13737522C9C49CF00736F3D /* JSONDataEncoding.swift in Sources */,
				E1B937FA2CA4287700002BB1 /* CharactersViewModel.swift in Sources */,
				E137372D2C9C331A00736F3D /* SkeletonViewModel.swift in Sources */,
				E137374B2C9C49CF00736F3D /* Location.swift in Sources */,
				E137371C2C95F0E100736F3D /* ShapeExample.swift in Sources */,
				E15AAE592C8C8BBB00345219 /* SliderScreen.swift in Sources */,
				E15AAE452C8A1CDD00345219 /* ContentView.swift in Sources */,
				E13737552C9C49CF00736F3D /* OpenISO8601DateFormatter.swift in Sources */,
				E18AD30A2C936F96006A09A3 /* FullScreenChildView.swift in Sources */,
				E13737312C9C339700736F3D /* SkeletonItem.swift in Sources */,
				E13737692C9CA06300736F3D /* LoadingModifier.swift in Sources */,
				E13737652C9C9B7100736F3D /* Collections+Check.swift in Sources */,
				E137374E2C9C49CF00736F3D /* APIs.swift in Sources */,
				E18AD3022C936A48006A09A3 /* SecondChildView.swift in Sources */,
				E18AD3102C9372B4006A09A3 /* DataSource.swift in Sources */,
				E13737602C9C9A1A00736F3D /* PagingView.swift in Sources */,
				E137375E2C9C983100736F3D /* PagingViewModel.swift in Sources */,
				E15AAE552C8C745B00345219 /* ModalScreen.swift in Sources */,
				E13737542C9C49CF00736F3D /* Models.swift in Sources */,
				E18AD3062C936BE7006A09A3 /* ThirdChildView.swift in Sources */,
				E15AAE432C8A1CDD00345219 /* NataAppSUI2024App.swift in Sources */,
				E1B30D992CA05629003A118A /* UIView+UIImage.swift in Sources */,
				E13737182C95EC6F00736F3D /* AnimationScreen.swift in Sources */,
				E137374D2C9C49CF00736F3D /* APIHelper.swift in Sources */,
				E137374C2C9C49CF00736F3D /* ModelCharacter.swift in Sources */,
				E13737582C9C49CF00736F3D /* Validation.swift in Sources */,
				E13737502C9C49CF00736F3D /* Configuration.swift in Sources */,
				E18AD30E2C937273006A09A3 /* MyDeepLink.swift in Sources */,
				E15AAE512C8A3C8E00345219 /* DashboardScreen.swift in Sources */,
				E1B937F82CA427C700002BB1 /* CharactersAPIService.swift in Sources */,
				E15AAE532C8A3E0F00345219 /* ProfileScreen.swift in Sources */,
				E137374F2C9C49CF00736F3D /* CodableHelper.swift in Sources */,
				E13737492C9C49CF00736F3D /* CharactersList.swift in Sources */,
				E1B30D902C9F55B8003A118A /* NewsPagingViewModel.swift in Sources */,
				E18AD2FF2C9364FC006A09A3 /* NavigationStackScreen.swift in Sources */,
				E1B30D932CA01582003A118A /* NewsDetailView.swift in Sources */,
				E13737482C9C49CF00736F3D /* CharactersAPI.swift in Sources */,
				E13737562C9C49CF00736F3D /* SynchronizedDictionary.swift in Sources */,
				E13737672C9C9D6900736F3D /* ModelCharacter+Identifable.swift in Sources */,
				E1B30D8E2C9D9F4A003A118A /* NewsPickerScreen.swift in Sources */,
				E18AD3042C936A71006A09A3 /* FirstChildView.swift in Sources */,
				E13737572C9C49CF00736F3D /* URLSessionImplementations.swift in Sources */,
				E137375C2C9C59DA00736F3D /* SkeletonLoadingView.swift in Sources */,
				E1B937FC2CA42C6C00002BB1 /* CharactersView.swift in Sources */,
				E15AAE632C8F14B800345219 /* NewsVM.swift in Sources */,
				E13737532C9C49CF00736F3D /* JSONEncodingHelper.swift in Sources */,
				E13737512C9C49CF00736F3D /* Extensions.swift in Sources */,
				E137371A2C95EDDA00736F3D /* CustomModifier.swift in Sources */,
				E1B30D972CA0161E003A118A /* ArticleCell.swift in Sources */,
				E1B30D952CA015B8003A118A /* ExtraInfoView.swift in Sources */,
				E13737622C9C9A9E00736F3D /* PagingItem.swift in Sources */,
				E18AD3122C93736D006A09A3 /* DeepLinkAppViewModel.swift in Sources */,
			);
			runOnlyForDeploymentPostprocessing = 0;
		};
/* End PBXSourcesBuildPhase section */

/* Begin XCBuildConfiguration section */
		E15AAE4B2C8A1CDF00345219 /* Debug */ = {
			isa = XCBuildConfiguration;
			buildSettings = {
				ALWAYS_SEARCH_USER_PATHS = NO;
				ASSETCATALOG_COMPILER_GENERATE_SWIFT_ASSET_SYMBOL_EXTENSIONS = YES;
				CLANG_ANALYZER_NONNULL = YES;
				CLANG_ANALYZER_NUMBER_OBJECT_CONVERSION = YES_AGGRESSIVE;
				CLANG_CXX_LANGUAGE_STANDARD = "gnu++20";
				CLANG_ENABLE_MODULES = YES;
				CLANG_ENABLE_OBJC_ARC = YES;
				CLANG_ENABLE_OBJC_WEAK = YES;
				CLANG_WARN_BLOCK_CAPTURE_AUTORELEASING = YES;
				CLANG_WARN_BOOL_CONVERSION = YES;
				CLANG_WARN_COMMA = YES;
				CLANG_WARN_CONSTANT_CONVERSION = YES;
				CLANG_WARN_DEPRECATED_OBJC_IMPLEMENTATIONS = YES;
				CLANG_WARN_DIRECT_OBJC_ISA_USAGE = YES_ERROR;
				CLANG_WARN_DOCUMENTATION_COMMENTS = YES;
				CLANG_WARN_EMPTY_BODY = YES;
				CLANG_WARN_ENUM_CONVERSION = YES;
				CLANG_WARN_INFINITE_RECURSION = YES;
				CLANG_WARN_INT_CONVERSION = YES;
				CLANG_WARN_NON_LITERAL_NULL_CONVERSION = YES;
				CLANG_WARN_OBJC_IMPLICIT_RETAIN_SELF = YES;
				CLANG_WARN_OBJC_LITERAL_CONVERSION = YES;
				CLANG_WARN_OBJC_ROOT_CLASS = YES_ERROR;
				CLANG_WARN_QUOTED_INCLUDE_IN_FRAMEWORK_HEADER = YES;
				CLANG_WARN_RANGE_LOOP_ANALYSIS = YES;
				CLANG_WARN_STRICT_PROTOTYPES = YES;
				CLANG_WARN_SUSPICIOUS_MOVE = YES;
				CLANG_WARN_UNGUARDED_AVAILABILITY = YES_AGGRESSIVE;
				CLANG_WARN_UNREACHABLE_CODE = YES;
				CLANG_WARN__DUPLICATE_METHOD_MATCH = YES;
				COPY_PHASE_STRIP = NO;
				DEBUG_INFORMATION_FORMAT = dwarf;
				ENABLE_STRICT_OBJC_MSGSEND = YES;
				ENABLE_TESTABILITY = YES;
				ENABLE_USER_SCRIPT_SANDBOXING = YES;
				GCC_C_LANGUAGE_STANDARD = gnu17;
				GCC_DYNAMIC_NO_PIC = NO;
				GCC_NO_COMMON_BLOCKS = YES;
				GCC_OPTIMIZATION_LEVEL = 0;
				GCC_PREPROCESSOR_DEFINITIONS = (
					"DEBUG=1",
					"$(inherited)",
				);
				GCC_WARN_64_TO_32_BIT_CONVERSION = YES;
				GCC_WARN_ABOUT_RETURN_TYPE = YES_ERROR;
				GCC_WARN_UNDECLARED_SELECTOR = YES;
				GCC_WARN_UNINITIALIZED_AUTOS = YES_AGGRESSIVE;
				GCC_WARN_UNUSED_FUNCTION = YES;
				GCC_WARN_UNUSED_VARIABLE = YES;
				IPHONEOS_DEPLOYMENT_TARGET = 17.5;
				LOCALIZATION_PREFERS_STRING_CATALOGS = YES;
				MTL_ENABLE_DEBUG_INFO = INCLUDE_SOURCE;
				MTL_FAST_MATH = YES;
				ONLY_ACTIVE_ARCH = YES;
				SDKROOT = iphoneos;
				SWIFT_ACTIVE_COMPILATION_CONDITIONS = "DEBUG $(inherited)";
				SWIFT_OPTIMIZATION_LEVEL = "-Onone";
			};
			name = Debug;
		};
		E15AAE4C2C8A1CDF00345219 /* Release */ = {
			isa = XCBuildConfiguration;
			buildSettings = {
				ALWAYS_SEARCH_USER_PATHS = NO;
				ASSETCATALOG_COMPILER_GENERATE_SWIFT_ASSET_SYMBOL_EXTENSIONS = YES;
				CLANG_ANALYZER_NONNULL = YES;
				CLANG_ANALYZER_NUMBER_OBJECT_CONVERSION = YES_AGGRESSIVE;
				CLANG_CXX_LANGUAGE_STANDARD = "gnu++20";
				CLANG_ENABLE_MODULES = YES;
				CLANG_ENABLE_OBJC_ARC = YES;
				CLANG_ENABLE_OBJC_WEAK = YES;
				CLANG_WARN_BLOCK_CAPTURE_AUTORELEASING = YES;
				CLANG_WARN_BOOL_CONVERSION = YES;
				CLANG_WARN_COMMA = YES;
				CLANG_WARN_CONSTANT_CONVERSION = YES;
				CLANG_WARN_DEPRECATED_OBJC_IMPLEMENTATIONS = YES;
				CLANG_WARN_DIRECT_OBJC_ISA_USAGE = YES_ERROR;
				CLANG_WARN_DOCUMENTATION_COMMENTS = YES;
				CLANG_WARN_EMPTY_BODY = YES;
				CLANG_WARN_ENUM_CONVERSION = YES;
				CLANG_WARN_INFINITE_RECURSION = YES;
				CLANG_WARN_INT_CONVERSION = YES;
				CLANG_WARN_NON_LITERAL_NULL_CONVERSION = YES;
				CLANG_WARN_OBJC_IMPLICIT_RETAIN_SELF = YES;
				CLANG_WARN_OBJC_LITERAL_CONVERSION = YES;
				CLANG_WARN_OBJC_ROOT_CLASS = YES_ERROR;
				CLANG_WARN_QUOTED_INCLUDE_IN_FRAMEWORK_HEADER = YES;
				CLANG_WARN_RANGE_LOOP_ANALYSIS = YES;
				CLANG_WARN_STRICT_PROTOTYPES = YES;
				CLANG_WARN_SUSPICIOUS_MOVE = YES;
				CLANG_WARN_UNGUARDED_AVAILABILITY = YES_AGGRESSIVE;
				CLANG_WARN_UNREACHABLE_CODE = YES;
				CLANG_WARN__DUPLICATE_METHOD_MATCH = YES;
				COPY_PHASE_STRIP = NO;
				DEBUG_INFORMATION_FORMAT = "dwarf-with-dsym";
				ENABLE_NS_ASSERTIONS = NO;
				ENABLE_STRICT_OBJC_MSGSEND = YES;
				ENABLE_USER_SCRIPT_SANDBOXING = YES;
				GCC_C_LANGUAGE_STANDARD = gnu17;
				GCC_NO_COMMON_BLOCKS = YES;
				GCC_WARN_64_TO_32_BIT_CONVERSION = YES;
				GCC_WARN_ABOUT_RETURN_TYPE = YES_ERROR;
				GCC_WARN_UNDECLARED_SELECTOR = YES;
				GCC_WARN_UNINITIALIZED_AUTOS = YES_AGGRESSIVE;
				GCC_WARN_UNUSED_FUNCTION = YES;
				GCC_WARN_UNUSED_VARIABLE = YES;
				IPHONEOS_DEPLOYMENT_TARGET = 17.5;
				LOCALIZATION_PREFERS_STRING_CATALOGS = YES;
				MTL_ENABLE_DEBUG_INFO = NO;
				MTL_FAST_MATH = YES;
				SDKROOT = iphoneos;
				SWIFT_COMPILATION_MODE = wholemodule;
				VALIDATE_PRODUCT = YES;
			};
			name = Release;
		};
		E15AAE4E2C8A1CDF00345219 /* Debug */ = {
			isa = XCBuildConfiguration;
			buildSettings = {
				ASSETCATALOG_COMPILER_APPICON_NAME = AppIcon;
				ASSETCATALOG_COMPILER_GLOBAL_ACCENT_COLOR_NAME = AccentColor;
				CODE_SIGN_STYLE = Automatic;
				CURRENT_PROJECT_VERSION = 1;
				DEVELOPMENT_ASSET_PATHS = "\"NataAppSUI2024/Preview Content\"";
				DEVELOPMENT_TEAM = Y3AFHFW5B2;
				ENABLE_PREVIEWS = YES;
				GENERATE_INFOPLIST_FILE = YES;
				INFOPLIST_FILE = NataAppSUI2024/Info.plist;
				INFOPLIST_KEY_UIApplicationSceneManifest_Generation = YES;
				INFOPLIST_KEY_UIApplicationSupportsIndirectInputEvents = YES;
				INFOPLIST_KEY_UILaunchScreen_Generation = YES;
				INFOPLIST_KEY_UISupportedInterfaceOrientations_iPad = "UIInterfaceOrientationPortrait UIInterfaceOrientationPortraitUpsideDown UIInterfaceOrientationLandscapeLeft UIInterfaceOrientationLandscapeRight";
				INFOPLIST_KEY_UISupportedInterfaceOrientations_iPhone = "UIInterfaceOrientationPortrait UIInterfaceOrientationLandscapeLeft UIInterfaceOrientationLandscapeRight";
				IPHONEOS_DEPLOYMENT_TARGET = 16.0;
				LD_RUNPATH_SEARCH_PATHS = (
					"$(inherited)",
					"@executable_path/Frameworks",
				);
				MARKETING_VERSION = 1.0;
				PRODUCT_BUNDLE_IDENTIFIER = nata.NataAppSUI2024;
				PRODUCT_NAME = "$(TARGET_NAME)";
				SWIFT_EMIT_LOC_STRINGS = YES;
				SWIFT_VERSION = 5.0;
				TARGETED_DEVICE_FAMILY = "1,2";
			};
			name = Debug;
		};
		E15AAE4F2C8A1CDF00345219 /* Release */ = {
			isa = XCBuildConfiguration;
			buildSettings = {
				ASSETCATALOG_COMPILER_APPICON_NAME = AppIcon;
				ASSETCATALOG_COMPILER_GLOBAL_ACCENT_COLOR_NAME = AccentColor;
				CODE_SIGN_STYLE = Automatic;
				CURRENT_PROJECT_VERSION = 1;
				DEVELOPMENT_ASSET_PATHS = "\"NataAppSUI2024/Preview Content\"";
				DEVELOPMENT_TEAM = Y3AFHFW5B2;
				ENABLE_PREVIEWS = YES;
				GENERATE_INFOPLIST_FILE = YES;
				INFOPLIST_FILE = NataAppSUI2024/Info.plist;
				INFOPLIST_KEY_UIApplicationSceneManifest_Generation = YES;
				INFOPLIST_KEY_UIApplicationSupportsIndirectInputEvents = YES;
				INFOPLIST_KEY_UILaunchScreen_Generation = YES;
				INFOPLIST_KEY_UISupportedInterfaceOrientations_iPad = "UIInterfaceOrientationPortrait UIInterfaceOrientationPortraitUpsideDown UIInterfaceOrientationLandscapeLeft UIInterfaceOrientationLandscapeRight";
				INFOPLIST_KEY_UISupportedInterfaceOrientations_iPhone = "UIInterfaceOrientationPortrait UIInterfaceOrientationLandscapeLeft UIInterfaceOrientationLandscapeRight";
				IPHONEOS_DEPLOYMENT_TARGET = 16.0;
				LD_RUNPATH_SEARCH_PATHS = (
					"$(inherited)",
					"@executable_path/Frameworks",
				);
				MARKETING_VERSION = 1.0;
				PRODUCT_BUNDLE_IDENTIFIER = nata.NataAppSUI2024;
				PRODUCT_NAME = "$(TARGET_NAME)";
				SWIFT_EMIT_LOC_STRINGS = YES;
				SWIFT_VERSION = 5.0;
				TARGETED_DEVICE_FAMILY = "1,2";
			};
			name = Release;
		};
/* End XCBuildConfiguration section */

/* Begin XCConfigurationList section */
		E15AAE3A2C8A1CDC00345219 /* Build configuration list for PBXProject "NataAppSUI2024" */ = {
			isa = XCConfigurationList;
			buildConfigurations = (
				E15AAE4B2C8A1CDF00345219 /* Debug */,
				E15AAE4C2C8A1CDF00345219 /* Release */,
			);
			defaultConfigurationIsVisible = 0;
			defaultConfigurationName = Release;
		};
		E15AAE4D2C8A1CDF00345219 /* Build configuration list for PBXNativeTarget "NataAppSUI2024" */ = {
			isa = XCConfigurationList;
			buildConfigurations = (
				E15AAE4E2C8A1CDF00345219 /* Debug */,
				E15AAE4F2C8A1CDF00345219 /* Release */,
			);
			defaultConfigurationIsVisible = 0;
			defaultConfigurationName = Release;
		};
/* End XCConfigurationList section */

/* Begin XCSwiftPackageProductDependency section */
		E15AAE5C2C8EED1F00345219 /* NewsAPI */ = {
			isa = XCSwiftPackageProductDependency;
			productName = NewsAPI;
		};
/* End XCSwiftPackageProductDependency section */
	};
	rootObject = E15AAE372C8A1CDC00345219 /* Project object */;
}
